
Microsoft Visual Studio Solution File, Format Version 11.00
# Visual Studio 2010
Project("{FAE04EC0-301F-11D3-BF4B-00C04F79EFBC}") = "HorseBat", "Assembly-CSharp.csproj", "{1C670F95-827C-B75B-1948-924EDE7E4B41}"
EndProject
Project("{FAE04EC0-301F-11D3-BF4B-00C04F79EFBC}") = "HorseBat", "Assembly-CSharp-Editor.csproj", "{C6311B1E-B664-C771-F3D7-3BBE5600EE0B}"
EndProject
Global
	GlobalSection(SolutionConfigurationPlatforms) = preSolution
		Debug|Any CPU = Debug|Any CPU
		Release|Any CPU = Release|Any CPU
	EndGlobalSection
	GlobalSection(ProjectConfigurationPlatforms) = postSolution
		{1C670F95-827C-B75B-1948-924EDE7E4B41}.Debug|Any CPU.ActiveCfg = Debug|Any CPU
		{1C670F95-827C-B75B-1948-924EDE7E4B41}.Debug|Any CPU.Build.0 = Debug|Any CPU
		{1C670F95-827C-B75B-1948-924EDE7E4B41}.Release|Any CPU.ActiveCfg = Release|Any CPU
		{1C670F95-827C-B75B-1948-924EDE7E4B41}.Release|Any CPU.Build.0 = Release|Any CPU
		{C6311B1E-B664-C771-F3D7-3BBE5600EE0B}.Debug|Any CPU.ActiveCfg = Debug|Any CPU
		{C6311B1E-B664-C771-F3D7-3BBE5600EE0B}.Debug|Any CPU.Build.0 = Debug|Any CPU
		{C6311B1E-B664-C771-F3D7-3BBE5600EE0B}.Release|Any CPU.ActiveCfg = Release|Any CPU
		{C6311B1E-B664-C771-F3D7-3BBE5600EE0B}.Release|Any CPU.Build.0 = Release|Any CPU
	EndGlobalSection
	GlobalSection(SolutionProperties) = preSolution
		HideSolutionNode = FALSE
	EndGlobalSection
	GlobalSection(MonoDevelopProperties) = preSolution
		StartupItem = Assembly-CSharp.csproj
	EndGlobalSection
EndGlobal
